// !$*UTF8*$!
{
	archiveVersion = 1;
	classes = {
	};
	objectVersion = 46;
	objects = {

/* Begin PBXBuildFile section */
		A12B4B1D1F1AD0B6008161F8 /* AppDelegate.swift in Sources */ = {isa = PBXBuildFile; fileRef = A12B4B1C1F1AD0B6008161F8 /* AppDelegate.swift */; };
		A12B4B1F1F1AD0B6008161F8 /* ViewController.swift in Sources */ = {isa = PBXBuildFile; fileRef = A12B4B1E1F1AD0B6008161F8 /* ViewController.swift */; };
		A12B4B221F1AD0B6008161F8 /* Main.storyboard in Resources */ = {isa = PBXBuildFile; fileRef = A12B4B201F1AD0B6008161F8 /* Main.storyboard */; };
		A12B4B241F1AD0B6008161F8 /* Assets.xcassets in Resources */ = {isa = PBXBuildFile; fileRef = A12B4B231F1AD0B6008161F8 /* Assets.xcassets */; };
		A12B4B271F1AD0B6008161F8 /* LaunchScreen.storyboard in Resources */ = {isa = PBXBuildFile; fileRef = A12B4B251F1AD0B6008161F8 /* LaunchScreen.storyboard */; };
		A177513A1F1AD7B3008620AC /* UIViewExtension.swift in Sources */ = {isa = PBXBuildFile; fileRef = A17751391F1AD7B3008620AC /* UIViewExtension.swift */; };
		A177513E1F1ADECE008620AC /* cameraIcon.png in Resources */ = {isa = PBXBuildFile; fileRef = A177513D1F1ADECE008620AC /* cameraIcon.png */; };
		A1E7D1B71F1AD1C000504B33 /* RotatingIconsView.swift in Sources */ = {isa = PBXBuildFile; fileRef = A1E7D1B61F1AD1C000504B33 /* RotatingIconsView.swift */; };
/* End PBXBuildFile section */

/* Begin PBXFileReference section */
		A12B4B191F1AD0B6008161F8 /* RotateIcons.app */ = {isa = PBXFileReference; explicitFileType = wrapper.application; includeInIndex = 0; path = RotateIcons.app; sourceTree = BUILT_PRODUCTS_DIR; };
		A12B4B1C1F1AD0B6008161F8 /* AppDelegate.swift */ = {isa = PBXFileReference; lastKnownFileType = sourcecode.swift; path = AppDelegate.swift; sourceTree = "<group>"; };
		A12B4B1E1F1AD0B6008161F8 /* ViewController.swift */ = {isa = PBXFileReference; lastKnownFileType = sourcecode.swift; path = ViewController.swift; sourceTree = "<group>"; };
		A12B4B211F1AD0B6008161F8 /* Base */ = {isa = PBXFileReference; lastKnownFileType = file.storyboard; name = Base; path = Base.lproj/Main.storyboard; sourceTree = "<group>"; };
		A12B4B231F1AD0B6008161F8 /* Assets.xcassets */ = {isa = PBXFileReference; lastKnownFileType = folder.assetcatalog; path = Assets.xcassets; sourceTree = "<group>"; };
		A12B4B261F1AD0B6008161F8 /* Base */ = {isa = PBXFileReference; lastKnownFileType = file.storyboard; name = Base; path = Base.lproj/LaunchScreen.storyboard; sourceTree = "<group>"; };
		A12B4B281F1AD0B6008161F8 /* Info.plist */ = {isa = PBXFileReference; lastKnownFileType = text.plist.xml; path = Info.plist; sourceTree = "<group>"; };
		A17751391F1AD7B3008620AC /* UIViewExtension.swift */ = {isa = PBXFileReference; fileEncoding = 4; lastKnownFileType = sourcecode.swift; path = UIViewExtension.swift; sourceTree = "<group>"; };
		A177513D1F1ADECE008620AC /* cameraIcon.png */ = {isa = PBXFileReference; lastKnownFileType = image.png; path = cameraIcon.png; sourceTree = "<group>"; };
		A1E7D1B61F1AD1C000504B33 /* RotatingIconsView.swift */ = {isa = PBXFileReference; fileEncoding = 4; lastKnownFileType = sourcecode.swift; path = RotatingIconsView.swift; sourceTree = "<group>"; };
/* End PBXFileReference section */

/* Begin PBXFrameworksBuildPhase section */
		A12B4B161F1AD0B6008161F8 /* Frameworks */ = {
			isa = PBXFrameworksBuildPhase;
			buildActionMask = 2147483647;
			files = (
			);
			runOnlyForDeploymentPostprocessing = 0;
		};
/* End PBXFrameworksBuildPhase section */

/* Begin PBXGroup section */
		A12B4B101F1AD0B6008161F8 = {
			isa = PBXGroup;
			children = (
				A12B4B1B1F1AD0B6008161F8 /* RotateIcons */,
				A12B4B1A1F1AD0B6008161F8 /* Products */,
			);
			sourceTree = "<group>";
		};
		A12B4B1A1F1AD0B6008161F8 /* Products */ = {
			isa = PBXGroup;
			children = (
				A12B4B191F1AD0B6008161F8 /* RotateIcons.app */,
			);
			name = Products;
			sourceTree = "<group>";
		};
		A12B4B1B1F1AD0B6008161F8 /* RotateIcons */ = {
			isa = PBXGroup;
			children = (
				A177513D1F1ADECE008620AC /* cameraIcon.png */,
				A1E7D1B61F1AD1C000504B33 /* RotatingIconsView.swift */,
				A12B4B1C1F1AD0B6008161F8 /* AppDelegate.swift */,
				A12B4B1E1F1AD0B6008161F8 /* ViewController.swift */,
				A12B4B201F1AD0B6008161F8 /* Main.storyboard */,
				A12B4B231F1AD0B6008161F8 /* Assets.xcassets */,
				A12B4B251F1AD0B6008161F8 /* LaunchScreen.storyboard */,
				A12B4B281F1AD0B6008161F8 /* Info.plist */,
				A17751391F1AD7B3008620AC /* UIViewExtension.swift */,
			);
			path = RotateIcons;
			sourceTree = "<group>";
		};
/* End PBXGroup section */

/* Begin PBXNativeTarget section */
		A12B4B181F1AD0B6008161F8 /* RotateIcons */ = {
			isa = PBXNativeTarget;
			buildConfigurationList = A12B4B2B1F1AD0B6008161F8 /* Build configuration list for PBXNativeTarget "RotateIcons" */;
			buildPhases = (
				A12B4B151F1AD0B6008161F8 /* Sources */,
				A12B4B161F1AD0B6008161F8 /* Frameworks */,
				A12B4B171F1AD0B6008161F8 /* Resources */,
			);
			buildRules = (
			);
			dependencies = (
			);
			name = RotateIcons;
			productName = RotateIcons;
			productReference = A12B4B191F1AD0B6008161F8 /* RotateIcons.app */;
			productType = "com.apple.product-type.application";
		};
/* End PBXNativeTarget section */

/* Begin PBXProject section */
		A12B4B111F1AD0B6008161F8 /* Project object */ = {
			isa = PBXProject;
			attributes = {
				LastSwiftUpdateCheck = 0820;
				LastUpgradeCheck = 0820;
				ORGANIZATIONNAME = omarzl;
				TargetAttributes = {
					A12B4B181F1AD0B6008161F8 = {
						CreatedOnToolsVersion = 8.2.1;
						DevelopmentTeam = 7CEG7XS8U4;
						ProvisioningStyle = Automatic;
					};
				};
			};
			buildConfigurationList = A12B4B141F1AD0B6008161F8 /* Build configuration list for PBXProject "RotateIcons" */;
			compatibilityVersion = "Xcode 3.2";
			developmentRegion = English;
			hasScannedForEncodings = 0;
			knownRegions = (
				en,
				Base,
			);
			mainGroup = A12B4B101F1AD0B6008161F8;
			productRefGroup = A12B4B1A1F1AD0B6008161F8 /* Products */;
			projectDirPath = "";
			projectRoot = "";
			targets = (
				A12B4B181F1AD0B6008161F8 /* RotateIcons */,
			);
		};
/* End PBXProject section */

/* Begin PBXResourcesBuildPhase section */
		A12B4B171F1AD0B6008161F8 /* Resources */ = {
			isa = PBXResourcesBuildPhase;
			buildActionMask = 2147483647;
			files = (
				A12B4B271F1AD0B6008161F8 /* LaunchScreen.storyboard in Resources */,
				A177513E1F1ADECE008620AC /* cameraIcon.png in Resources */,
				A12B4B241F1AD0B6008161F8 /* Assets.xcassets in Resources */,
				A12B4B221F1AD0B6008161F8 /* Main.storyboard in Resources */,
			);
			runOnlyForDeploymentPostprocessing = 0;
		};
/* End PBXResourcesBuildPhase section */

/* Begin PBXSourcesBuildPhase section */
		A12B4B151F1AD0B6008161F8 /* Sources */ = {
			isa = PBXSourcesBuildPhase;
			buildActionMask = 2147483647;
			files = (
				A1E7D1B71F1AD1C000504B33 /* RotatingIconsView.swift in Sources */,
				A12B4B1F1F1AD0B6008161F8 /* ViewController.swift in Sources */,
				A177513A1F1AD7B3008620AC /* UIViewExtension.swift in Sources */,
				A12B4B1D1F1AD0B6008161F8 /* AppDelegate.swift in Sources */,
			);
			runOnlyForDeploymentPostprocessing = 0;
		};
/* End PBXSourcesBuildPhase section */

/* Begin PBXVariantGroup section */
		A12B4B201F1AD0B6008161F8 /* Main.storyboard */ = {
			isa = PBXVariantGroup;
			children = (
				A12B4B211F1AD0B6008161F8 /* Base */,
			);
			name = Main.storyboard;
			sourceTree = "<group>";
		};
		A12B4B251F1AD0B6008161F8 /* LaunchScreen.storyboard */ = {
			isa = PBXVariantGroup;
			children = (
				A12B4B261F1AD0B6008161F8 /* Base */,
			);
			name = LaunchScreen.storyboard;
			sourceTree = "<group>";
		};
/* End PBXVariantGroup section */

/* Begin XCBuildConfiguration section */
		A12B4B291F1AD0B6008161F8 /* Debug */ = {
			isa = XCBuildConfiguration;
			buildSettings = {
				ALWAYS_SEARCH_USER_PATHS = NO;
				CLANG_ANALYZER_NONNULL = YES;
				CLANG_CXX_LANGUAGE_STANDARD = "gnu++0x";
				CLANG_CXX_LIBRARY = "libc++";
				CLANG_ENABLE_MODULES = YES;
				CLANG_ENABLE_OBJC_ARC = YES;
				CLANG_WARN_BOOL_CONVERSION = YES;
				CLANG_WARN_CONSTANT_CONVERSION = YES;
				CLANG_WARN_DIRECT_OBJC_ISA_USAGE = YES_ERROR;
				CLANG_WARN_DOCUMENTATION_COMMENTS = YES;
				CLANG_WARN_EMPTY_BODY = YES;
				CLANG_WARN_ENUM_CONVERSION = YES;
				CLANG_WARN_INFINITE_RECURSION = YES;
				CLANG_WARN_INT_CONVERSION = YES;
				CLANG_WARN_OBJC_ROOT_CLASS = YES_ERROR;
				CLANG_WARN_SUSPICIOUS_MOVE = YES;
				CLANG_WARN_UNREACHABLE_CODE = YES;
				CLANG_WARN__DUPLICATE_METHOD_MATCH = YES;
				"CODE_SIGN_IDENTITY[sdk=iphoneos*]" = "iPhone Developer";
				COPY_PHASE_STRIP = NO;
				DEBUG_INFORMATION_FORMAT = dwarf;
				ENABLE_STRICT_OBJC_MSGSEND = YES;
				ENABLE_TESTABILITY = YES;
				GCC_C_LANGUAGE_STANDARD = gnu99;
				GCC_DYNAMIC_NO_PIC = NO;
				GCC_NO_COMMON_BLOCKS = YES;
				GCC_OPTIMIZATION_LEVEL = 0;
				GCC_PREPROCESSOR_DEFINITIONS = (
					"DEBUG=1",
					"$(inherited)",
				);
				GCC_WARN_64_TO_32_BIT_CONVERSION = YES;
				GCC_WARN_ABOUT_RETURN_TYPE = YES_ERROR;
				GCC_WARN_UNDECLARED_SELECTOR = YES;
				GCC_WARN_UNINITIALIZED_AUTOS = YES_AGGRESSIVE;
				GCC_WARN_UNUSED_FUNCTION = YES;
				GCC_WARN_UNUSED_VARIABLE = YES;
				IPHONEOS_DEPLOYMENT_TARGET = 10.2;
				MTL_ENABLE_DEBUG_INFO = YES;
				ONLY_ACTIVE_ARCH = YES;
				SDKROOT = iphoneos;
				SWIFT_ACTIVE_COMPILATION_CONDITIONS = DEBUG;
				SWIFT_OPTIMIZATION_LEVEL = "-Onone";
				TARGETED_DEVICE_FAMILY = "1,2";
			};
			name = Debug;
		};
		A12B4B2A1F1AD0B6008161F8 /* Release */ = {
			isa = XCBuildConfiguration;
			buildSettings = {
				ALWAYS_SEARCH_USER_PATHS = NO;
				CLANG_ANALYZER_NONNULL = YES;
				CLANG_CXX_LANGUAGE_STANDARD = "gnu++0x";
				CLANG_CXX_LIBRARY = "libc++";
				CLANG_ENABLE_MODULES = YES;
				CLANG_ENABLE_OBJC_ARC = YES;
				CLANG_WARN_BOOL_CONVERSION = YES;
				CLANG_WARN_CONSTANT_CONVERSION = YES;
				CLANG_WARN_DIRECT_OBJC_ISA_USAGE = YES_ERROR;
				CLANG_WARN_DOCUMENTATION_COMMENTS = YES;
				CLANG_WARN_EMPTY_BODY = YES;
				CLANG_WARN_ENUM_CONVERSION = YES;
				CLANG_WARN_INFINITE_RECURSION = YES;
				CLANG_WARN_INT_CONVERSION = YES;
				CLANG_WARN_OBJC_ROOT_CLASS = YES_ERROR;
				CLANG_WARN_SUSPICIOUS_MOVE = YES;
				CLANG_WARN_UNREACHABLE_CODE = YES;
				CLANG_WARN__DUPLICATE_METHOD_MATCH = YES;
				"CODE_SIGN_IDENTITY[sdk=iphoneos*]" = "iPhone Developer";
				COPY_PHASE_STRIP = NO;
				DEBUG_INFORMATION_FORMAT = "dwarf-with-dsym";
				ENABLE_NS_ASSERTIONS = NO;
				ENABLE_STRICT_OBJC_MSGSEND = YES;
				GCC_C_LANGUAGE_STANDARD = gnu99;
				GCC_NO_COMMON_BLOCKS = YES;
				GCC_WARN_64_TO_32_BIT_CONVERSION = YES;
				GCC_WARN_ABOUT_RETURN_TYPE = YES_ERROR;
				GCC_WARN_UNDECLARED_SELECTOR = YES;
				GCC_WARN_UNINITIALIZED_AUTOS = YES_AGGRESSIVE;
				GCC_WARN_UNUSED_FUNCTION = YES;
				GCC_WARN_UNUSED_VARIABLE = YES;
				IPHONEOS_DEPLOYMENT_TARGET = 10.2;
				MTL_ENABLE_DEBUG_INFO = NO;
				SDKROOT = iphoneos;
				SWIFT_OPTIMIZATION_LEVEL = "-Owholemodule";
				TARGETED_DEVICE_FAMILY = "1,2";
				VALIDATE_PRODUCT = YES;
			};
			name = Release;
		};
		A12B4B2C1F1AD0B6008161F8 /* Debug */ = {
			isa = XCBuildConfiguration;
			buildSettings = {
				ASSETCATALOG_COMPILER_APPICON_NAME = AppIcon;
				DEVELOPMENT_TEAM = 7CEG7XS8U4;
				INFOPLIST_FILE = RotateIcons/Info.plist;
				LD_RUNPATH_SEARCH_PATHS = "$(inherited) @executable_path/Frameworks";
				PRODUCT_BUNDLE_IDENTIFIER = com.omarzl.RotateIcons;
				PRODUCT_NAME = "$(TARGET_NAME)";
				SWIFT_VERSION = 3.0;
			};
			name = Debug;
		};
		A12B4B2D1F1AD0B6008161F8 /* Release */ = {
			isa = XCBuildConfiguration;
			buildSettings = {
				ASSETCATALOG_COMPILER_APPICON_NAME = AppIcon;
				DEVELOPMENT_TEAM = 7CEG7XS8U4;
				INFOPLIST_FILE = RotateIcons/Info.plist;
				LD_RUNPATH_SEARCH_PATHS = "$(inherited) @executable_path/Frameworks";
				PRODUCT_BUNDLE_IDENTIFIER = com.omarzl.RotateIcons;
				PRODUCT_NAME = "$(TARGET_NAME)";
				SWIFT_VERSION = 3.0;
			};
			name = Release;
		};
/* End XCBuildConfiguration section */

/* Begin XCConfigurationList section */
		A12B4B141F1AD0B6008161F8 /* Build configuration list for PBXProject "RotateIcons" */ = {
			isa = XCConfigurationList;
			buildConfigurations = (
				A12B4B291F1AD0B6008161F8 /* Debug */,
				A12B4B2A1F1AD0B6008161F8 /* Release */,
			);
			defaultConfigurationIsVisible = 0;
			defaultConfigurationName = Release;
		};
		A12B4B2B1F1AD0B6008161F8 /* Build configuration list for PBXNativeTarget "RotateIcons" */ = {
			isa = XCConfigurationList;
			buildConfigurations = (
				A12B4B2C1F1AD0B6008161F8 /* Debug */,
				A12B4B2D1F1AD0B6008161F8 /* Release */,
			);
			defaultConfigurationIsVisible = 0;
			defaultConfigurationName = Release;
		};
/* End XCConfigurationList section */
	};
	rootObject = A12B4B111F1AD0B6008161F8 /* Project object */;
}
